{
  "requires": true,
  "lockfileVersion": 1,
  "dependencies": {
    "sortablejs": {
      "version": "1.10.2",
      "resolved": "https://registry.npmjs.org/sortablejs/-/sortablejs-1.10.2.tgz",
      "integrity": "sha512-YkPGufevysvfwn5rfdlGyrGjt7/CRHwvRPogD/lC+TnvcN29jDpCifKP+rBqf+LRldfXSTh+0CGLcSg0VIxq3A=="
    },
    "vuedraggable": {
      "version": "2.24.1",
      "resolved": "https://registry.npmjs.org/vuedraggable/-/vuedraggable-2.24.1.tgz",
      "integrity": "sha512-G1fxO1oshx+WLdieSGl6jSJdlHOQFga1FpjuUpgXldbpKNzxpjsGn4xYNnRHVrOAqm8aG5FfpdQlh5LHesxCeA==",
      "requires": {
        "sortablejs": "^1.10.1"
      }
    }
  }
}
